
Microsoft Visual Studio Solution File, Format Version 12.00
# Visual Studio 2010
Project("{FAE04EC0-301F-11D3-BF4B-00C04F79EFBC}") = "QuanLyCF", "QuanLyCF.csproj", "{CF9DCD59-39DC-41B5-9D78-C12C17F9B7C5}"
EndProject
Global
	GlobalSection(SolutionConfigurationPlatforms) = preSolution
		Debug|Any CPU = Debug|Any CPU
		Debug|x86 = Debug|x86
		Release|Any CPU = Release|Any CPU
		Release|x86 = Release|x86
	EndGlobalSection
	GlobalSection(ProjectConfigurationPlatforms) = postSolution
		{CF9DCD59-39DC-41B5-9D78-C12C17F9B7C5}.Debug|Any CPU.ActiveCfg = Debug|x86
		{CF9DCD59-39DC-41B5-9D78-C12C17F9B7C5}.Debug|x86.ActiveCfg = Debug|x86
		{CF9DCD59-39DC-41B5-9D78-C12C17F9B7C5}.Debug|x86.Build.0 = Debug|x86
		{CF9DCD59-39DC-41B5-9D78-C12C17F9B7C5}.Release|Any CPU.ActiveCfg = Release|x86
		{CF9DCD59-39DC-41B5-9D78-C12C17F9B7C5}.Release|x86.ActiveCfg = Release|x86
		{CF9DCD59-39DC-41B5-9D78-C12C17F9B7C5}.Release|x86.Build.0 = Release|x86
	EndGlobalSection
	GlobalSection(SolutionProperties) = preSolution
		HideSolutionNode = FALSE
	EndGlobalSection
	GlobalSection(ExtensibilityGlobals) = postSolution
		SolutionGuid = {8F6D603F-7647-4880-B64D-661546B175B5}
	EndGlobalSection
EndGlobal
